{
  "name": "express-app",
  "version": "1.0.0",
  "lockfileVersion": 3,
  "requires": true,
  "packages": {
    "": {
      "name": "express-app",
      "version": "1.0.0",
      "license": "ISC",
      "dependencies": {
        "jet-logger": "^1.3.1"
      }
    },
    "node_modules/colors": {
      "version": "1.3.0",
      "resolved": "https://registry.npmjs.org/colors/-/colors-1.3.0.tgz",
      "integrity": "sha512-EDpX3a7wHMWFA7PUHWPHNWqOxIIRSJetuwl0AS5Oi/5FMV8kWm69RTlgm00GKjBO1xFHMtBbL49yRtMMdticBw==",
      "engines": {
        "node": ">=0.1.90"
      }
    },
    "node_modules/jet-logger": {
      "version": "1.3.1",
      "resolved": "https://registry.npmjs.org/jet-logger/-/jet-logger-1.3.1.tgz",
      "integrity": "sha512-BSsTm88Y7a+XtXKpZM71qm0ulH+bNI13rR+BzeQStfjpE/6n3fX3FZpKF/WZh52h1e6gEAOjuFlkmdzGBQnwPg==",
      "dependencies": {
        "colors": "1.3.0"
      }
    }
  }
}
